github.com/dchest/uniuri v0.0.0-20200228104902-7aecb25e1fe5 h1:RAV05c0xOkJ3dZGS0JFybxFKZ2WMLabgx3uXnd7rpGs=
github.com/dchest/uniuri v0.0.0-20200228104902-7aecb25e1fe5/go.mod h1:GgB8SF9nRG+GqaDtLcwJZsQFhcogVCJ79j4EdT0c2V4=
github.com/ddo/pick-json v0.0.0-20170207095303-c8760e09e0fe h1:/8DxbVJzB+Rx2wgJ1VGb3ziwGlI2VB3bWqtoldtalUU=
github.com/ddo/pick-json v0.0.0-20170207095303-c8760e09e0fe/go.mod h1:vhvQl0uhd1j+zZPJhH0mZ1Moz14khMTXkCkNDXavk1Q=
github.com/ddo/rq v0.0.0-20190828174524-b3daa55fcaba h1:EMLQSxP68m4ddJpmMT+LizYO0AjrROprPXjll2CARj0=
github.com/ddo/rq v0.0.0-20190828174524-b3daa55fcaba/go.mod h1:XIayI7kdKklkc7yyWDBYMJLbK/AO4AchQUxdoSFcn+k=
github.com/kylegrantlucas/speedtest v0.0.0-20180419014002-f8512f58e7ea h1:4Ek6G1ndb/DFCrqezAV7Hy52NgDmRj8sJeMr1PeErmA=
github.com/kylegrantlucas/speedtest v0.0.0-20180419014002-f8512f58e7ea/go.mod h1:QiU+PZGcx6YZxDBL2y4woEXy3z+1JPSQmH1EbyT5mNc=
golang.org/x/net v0.0.0-20210226172049-e18ecbb05110 h1:qWPm9rbaAMKs8Bq/9LRpbMqxWRVUAQwMI9fVrssnTfw=
golang.org/x/net v0.0.0-20210226172049-e18ecbb05110/go.mod h1:m0MpNAwzfU5UDzcl9v0D8zg8gWTRqZa9RBIspLL5mdg=
golang.org/x/sys v0.0.0-20201119102817-f84b799fce68/go.mod h1:h1NjWce9XRLGQEsW7wpKNCjG9DtNlClVuFLEZdDNbEs=
golang.org/x/term v0.0.0-20201126162022-7de9c90e9dd1/go.mod h1:bj7SfCRtBDWHUb9snDiAeCFNEtKQo2Wmx5Cou7ajbmo=
golang.org/x/text v0.3.3/go.mod h1:5Zoc/QRtKVWzQhOtBMvqHzDpF6irO9z98xDceosuGiQ=
golang.org/x/tools v0.0.0-20180917221912-90fa682c2a6e/go.mod h1:n7NCudcB/nEzxVGmLbDWY5pfWTLqBcC2KZ6jyYvM4mQ=
gopkg.in/ddo/go-dlog.v2 v2.1.0 h1:SrIltB+SYmJLJZp/5vGKGLUpk2VCfLUM1V3jGs7RSh4=
gopkg.in/ddo/go-dlog.v2 v2.1.0/go.mod h1:CENm6saSBTtC4/HLiyEnKte/MHgJ/LECoptlS6oHBVI=
gopkg.in/ddo/go-fast.v0 v0.0.0-20190807090025-2ab4a3dd618c h1:1qAxhZ7OXI+tUeSMSUZ9Z79q1SRxzcuNIRpaaaHjXcM=
gopkg.in/ddo/go-fast.v0 v0.0.0-20190807090025-2ab4a3dd618c/go.mod h1:5vpZWThMXgpczsMmkUR567zhsnSaEf+ZNwpBDOOi2Gc=
gopkg.in/ddo/pick.v1 v1.2.2 h1:5Ue60YhDOzjwaQp3vwHwyuJ4ufj4DyKIxn95W4G7iZI=
gopkg.in/ddo/pick.v1 v1.2.2/go.mod h1:AgGJKIMzwG3nzr1OX4nqa2+J27vPZXFgFnEWI3zh8Ow=
